
Microsoft Visual Studio Solution File, Format Version 12.00
# Visual Studio Version 16
VisualStudioVersion = 16.0.32228.343
MinimumVisualStudioVersion = 10.0.40219.1
Project("{9A19103F-16F7-4668-BE54-9A1E7A4F7556}") = "CredentialGuard.Api", "CredentialGuard.Api\CredentialGuard.Api.csproj", "{5D2FA2CC-0FC9-445B-8CDB-6149762CED56}"
EndProject
Project("{9A19103F-16F7-4668-BE54-9A1E7A4F7556}") = "CredentialGuard.Core.Entities", "CredentialGuard.Core.Entities\CredentialGuard.Core.Entities.csproj", "{EDD9D981-C17C-4E62-BC3F-239CE099A4BD}"
EndProject
Project("{9A19103F-16F7-4668-BE54-9A1E7A4F7556}") = "CredentialGuard.Core.Contracts", "CredentialGuard.Core.Contracts\CredentialGuard.Core.Contracts.csproj", "{2B0178BE-170F-4481-B909-CF0974C49165}"
EndProject
Project("{9A19103F-16F7-4668-BE54-9A1E7A4F7556}") = "CredentialGuard.Infrastructure.Data", "CredentialGuard.Infrastructure.Data\CredentialGuard.Infrastructure.Data.csproj", "{D3A20841-1882-45A3-87A7-6B0F3E569B06}"
EndProject
Project("{FAE04EC0-301F-11D3-BF4B-00C04F79EFBC}") = "CredentialGuard.Core.Services", "CredentialGuard.Core.Services\CredentialGuard.Core.Services.csproj", "{728791B7-7DC6-4E74-AE31-9E6D75A7941F}"
EndProject
Project("{FAE04EC0-301F-11D3-BF4B-00C04F79EFBC}") = "CredentialGuard.Core.Shared", "CredentialGuard.Core.Shared\CredentialGuard.Core.Shared.csproj", "{AF7EBD5A-B7A3-44E6-8354-24521273A4CA}"
EndProject
Global
	GlobalSection(SolutionConfigurationPlatforms) = preSolution
		Debug|Any CPU = Debug|Any CPU
		Release|Any CPU = Release|Any CPU
	EndGlobalSection
	GlobalSection(ProjectConfigurationPlatforms) = postSolution
		{5D2FA2CC-0FC9-445B-8CDB-6149762CED56}.Debug|Any CPU.ActiveCfg = Debug|Any CPU
		{5D2FA2CC-0FC9-445B-8CDB-6149762CED56}.Debug|Any CPU.Build.0 = Debug|Any CPU
		{5D2FA2CC-0FC9-445B-8CDB-6149762CED56}.Release|Any CPU.ActiveCfg = Release|Any CPU
		{5D2FA2CC-0FC9-445B-8CDB-6149762CED56}.Release|Any CPU.Build.0 = Release|Any CPU
		{EDD9D981-C17C-4E62-BC3F-239CE099A4BD}.Debug|Any CPU.ActiveCfg = Debug|Any CPU
		{EDD9D981-C17C-4E62-BC3F-239CE099A4BD}.Debug|Any CPU.Build.0 = Debug|Any CPU
		{EDD9D981-C17C-4E62-BC3F-239CE099A4BD}.Release|Any CPU.ActiveCfg = Release|Any CPU
		{EDD9D981-C17C-4E62-BC3F-239CE099A4BD}.Release|Any CPU.Build.0 = Release|Any CPU
		{2B0178BE-170F-4481-B909-CF0974C49165}.Debug|Any CPU.ActiveCfg = Debug|Any CPU
		{2B0178BE-170F-4481-B909-CF0974C49165}.Debug|Any CPU.Build.0 = Debug|Any CPU
		{2B0178BE-170F-4481-B909-CF0974C49165}.Release|Any CPU.ActiveCfg = Release|Any CPU
		{2B0178BE-170F-4481-B909-CF0974C49165}.Release|Any CPU.Build.0 = Release|Any CPU
		{D3A20841-1882-45A3-87A7-6B0F3E569B06}.Debug|Any CPU.ActiveCfg = Debug|Any CPU
		{D3A20841-1882-45A3-87A7-6B0F3E569B06}.Debug|Any CPU.Build.0 = Debug|Any CPU
		{D3A20841-1882-45A3-87A7-6B0F3E569B06}.Release|Any CPU.ActiveCfg = Release|Any CPU
		{D3A20841-1882-45A3-87A7-6B0F3E569B06}.Release|Any CPU.Build.0 = Release|Any CPU
		{728791B7-7DC6-4E74-AE31-9E6D75A7941F}.Debug|Any CPU.ActiveCfg = Debug|Any CPU
		{728791B7-7DC6-4E74-AE31-9E6D75A7941F}.Debug|Any CPU.Build.0 = Debug|Any CPU
		{728791B7-7DC6-4E74-AE31-9E6D75A7941F}.Release|Any CPU.ActiveCfg = Release|Any CPU
		{728791B7-7DC6-4E74-AE31-9E6D75A7941F}.Release|Any CPU.Build.0 = Release|Any CPU
		{AF7EBD5A-B7A3-44E6-8354-24521273A4CA}.Debug|Any CPU.ActiveCfg = Debug|Any CPU
		{AF7EBD5A-B7A3-44E6-8354-24521273A4CA}.Debug|Any CPU.Build.0 = Debug|Any CPU
		{AF7EBD5A-B7A3-44E6-8354-24521273A4CA}.Release|Any CPU.ActiveCfg = Release|Any CPU
		{AF7EBD5A-B7A3-44E6-8354-24521273A4CA}.Release|Any CPU.Build.0 = Release|Any CPU
	EndGlobalSection
	GlobalSection(SolutionProperties) = preSolution
		HideSolutionNode = FALSE
	EndGlobalSection
	GlobalSection(ExtensibilityGlobals) = postSolution
		SolutionGuid = {2C90FFA0-8D24-43D7-B552-9229F2B42BBE}
	EndGlobalSection
EndGlobal
